
Microsoft Visual Studio Solution File, Format Version 9.00
# Visual Studio 2005
Project("{8BC9CEB8-8B4A-11D0-8D11-00A0C91BC942}") = "mrc2IDmatrix", "mrc2IDmatrix.vcproj", "{50434422-FA82-4436-989D-C32DCCBB5AF7}"
	ProjectSection(ProjectDependencies) = postProject
		{FB1C6823-0393-45D5-816E-409B26BDC1F3} = {FB1C6823-0393-45D5-816E-409B26BDC1F3}
	EndProjectSection
EndProject
Project("{8BC9CEB8-8B4A-11D0-8D11-00A0C91BC942}") = "SkeletonMaker3", "..\SkeletonMaker3\SkeletonMaker3.vcproj", "{FB1C6823-0393-45D5-816E-409B26BDC1F3}"
EndProject
Global
	GlobalSection(SolutionConfigurationPlatforms) = preSolution
		Debug|Win32 = Debug|Win32
		Release|Win32 = Release|Win32
	EndGlobalSection
	GlobalSection(ProjectConfigurationPlatforms) = postSolution
		{50434422-FA82-4436-989D-C32DCCBB5AF7}.Debug|Win32.ActiveCfg = Debug|Win32
		{50434422-FA82-4436-989D-C32DCCBB5AF7}.Debug|Win32.Build.0 = Debug|Win32
		{50434422-FA82-4436-989D-C32DCCBB5AF7}.Release|Win32.ActiveCfg = Release|Win32
		{50434422-FA82-4436-989D-C32DCCBB5AF7}.Release|Win32.Build.0 = Release|Win32
		{FB1C6823-0393-45D5-816E-409B26BDC1F3}.Debug|Win32.ActiveCfg = Debug|Win32
		{FB1C6823-0393-45D5-816E-409B26BDC1F3}.Debug|Win32.Build.0 = Debug|Win32
		{FB1C6823-0393-45D5-816E-409B26BDC1F3}.Release|Win32.ActiveCfg = Release|Win32
		{FB1C6823-0393-45D5-816E-409B26BDC1F3}.Release|Win32.Build.0 = Release|Win32
	EndGlobalSection
	GlobalSection(SolutionProperties) = preSolution
		HideSolutionNode = FALSE
	EndGlobalSection
EndGlobal
